
Microsoft Visual Studio Solution File, Format Version 12.00
# Visual Studio Version 16
VisualStudioVersion = 16.0.30320.27
MinimumVisualStudioVersion = 10.0.40219.1
Project("{FAE04EC0-301F-11D3-BF4B-00C04F79EFBC}") = "RestaurantRater", "RestaurantRater\RestaurantRater.csproj", "{B34172DF-5429-4A72-B265-67C05FBC121C}"
EndProject
Global
	GlobalSection(SolutionConfigurationPlatforms) = preSolution
		Debug|Any CPU = Debug|Any CPU
		Release|Any CPU = Release|Any CPU
	EndGlobalSection
	GlobalSection(ProjectConfigurationPlatforms) = postSolution
		{B34172DF-5429-4A72-B265-67C05FBC121C}.Debug|Any CPU.ActiveCfg = Debug|Any CPU
		{B34172DF-5429-4A72-B265-67C05FBC121C}.Debug|Any CPU.Build.0 = Debug|Any CPU
		{B34172DF-5429-4A72-B265-67C05FBC121C}.Release|Any CPU.ActiveCfg = Release|Any CPU
		{B34172DF-5429-4A72-B265-67C05FBC121C}.Release|Any CPU.Build.0 = Release|Any CPU
	EndGlobalSection
	GlobalSection(SolutionProperties) = preSolution
		HideSolutionNode = FALSE
	EndGlobalSection
	GlobalSection(ExtensibilityGlobals) = postSolution
		SolutionGuid = {E801E427-1096-460E-BFB3-DE9391146AC5}
	EndGlobalSection
EndGlobal
